
Microsoft Visual Studio Solution File, Format Version 12.00
# Visual Studio Version 17
VisualStudioVersion = 17.5.33502.453
MinimumVisualStudioVersion = 10.0.40219.1
Project("{FAE04EC0-301F-11D3-BF4B-00C04F79EFBC}") = "Idozitos-LOIM", "Idozitos-LOIM\Idozitos-LOIM.csproj", "{668B27A3-6E50-44B2-8777-5C466AA7BB29}"
EndProject
Global
	GlobalSection(SolutionConfigurationPlatforms) = preSolution
		Debug|Any CPU = Debug|Any CPU
		Release|Any CPU = Release|Any CPU
	EndGlobalSection
	GlobalSection(ProjectConfigurationPlatforms) = postSolution
		{668B27A3-6E50-44B2-8777-5C466AA7BB29}.Debug|Any CPU.ActiveCfg = Debug|Any CPU
		{668B27A3-6E50-44B2-8777-5C466AA7BB29}.Debug|Any CPU.Build.0 = Debug|Any CPU
		{668B27A3-6E50-44B2-8777-5C466AA7BB29}.Release|Any CPU.ActiveCfg = Release|Any CPU
		{668B27A3-6E50-44B2-8777-5C466AA7BB29}.Release|Any CPU.Build.0 = Release|Any CPU
	EndGlobalSection
	GlobalSection(SolutionProperties) = preSolution
		HideSolutionNode = FALSE
	EndGlobalSection
	GlobalSection(ExtensibilityGlobals) = postSolution
		SolutionGuid = {67CE0F3F-5A1B-4420-8508-71223029837D}
	EndGlobalSection
EndGlobal
